# This file is automatically @generated by Cargo.
# It is not intended for manual editing.
[[package]]
name = "autotools"
version = "0.2.2"
source = "registry+https://github.com/rust-lang/crates.io-index"
checksum = "3b9f0494812b4a30c521d6122ff71c4f84ed4b1edae73e79cd7f38c9ae027943"
dependencies = [
 "cc",
]

[[package]]
name = "bdwgc-alloc"
version = "0.6.0"
source = "registry+https://github.com/rust-lang/crates.io-index"
checksum = "ceed387bb03bf60e7368a07b7f943d3612a04ff7cf11e73801ffa3677370aa24"
dependencies = [
 "autotools",
 "libc",
]

[[package]]
name = "cc"
version = "1.0.67"
source = "registry+https://github.com/rust-lang/crates.io-index"
checksum = "e3c69b077ad434294d3ce9f1f6143a2a4b89a8a2d54ef813d85003a4fd1137fd"

[[package]]
name = "libc"
version = "0.2.94"
source = "registry+https://github.com/rust-lang/crates.io-index"
checksum = "18794a8ad5b29321f790b55d93dfba91e125cb1a9edbd4f8e3150acc771c1a5e"

[[package]]
name = "rustlib"
version = "0.1.0"
dependencies = [
 "bdwgc-alloc",
]
